# THIS IS AN AUTOGENERATED FILE. DO NOT EDIT THIS FILE DIRECTLY.
# yarn lockfile v1


angular-animate@^1.6.7:
  version "1.6.7"
  resolved "http://registry.npm.taobao.org/angular-animate/download/angular-animate-1.6.7.tgz#bc6dbe6a190d019a6fbb2c7373d40f01cfd75899"

angular-ui-bootstrap@^2.5.6:
  version "2.5.6"
  resolved "http://registry.npm.taobao.org/angular-ui-bootstrap/download/angular-ui-bootstrap-2.5.6.tgz#23937322ec641a6fbee16498cc32452aa199e7c5"

angular-ui-router@^0.4.3:
  version "0.4.3"
  resolved "http://registry.npm.taobao.org/angular-ui-router/download/angular-ui-router-0.4.3.tgz#6c29546fe50b8d2f74614dcb8660d6fc40d6e167"
  dependencies:
    angular "^1.0.8"

angular@^1.0.8, angular@^1.6.7:
  version "1.6.7"
  resolved "http://registry.npm.taobao.org/angular/download/angular-1.6.7.tgz#0f89837dae1776b01ccb1fa2096db0d9373d9897"

bootstrap@3.3.7:
  version "3.3.7"
  resolved "http://registry.npm.taobao.org/bootstrap/download/bootstrap-3.3.7.tgz#5a389394549f23330875a3b150656574f8a9eb71"
